Microsoft Visual Studio Solution File, Format Version 12.00
# Visual Studio 2012
Project("{FAE04EC0-301F-11D3-BF4B-00C04F79EFBC}") = "GodotCSharpAngryAnimals", "GodotCSharpAngryAnimals.csproj", "{8BF99815-9DDC-43E7-A324-8AE9A6D4F6AB}"
EndProject
Global
	GlobalSection(SolutionConfigurationPlatforms) = preSolution
	Debug|Any CPU = Debug|Any CPU
	ExportDebug|Any CPU = ExportDebug|Any CPU
	ExportRelease|Any CPU = ExportRelease|Any CPU
	EndGlobalSection
	GlobalSection(ProjectConfigurationPlatforms) = postSolution
		{8BF99815-9DDC-43E7-A324-8AE9A6D4F6AB}.Debug|Any CPU.ActiveCfg = Debug|Any CPU
		{8BF99815-9DDC-43E7-A324-8AE9A6D4F6AB}.Debug|Any CPU.Build.0 = Debug|Any CPU
		{8BF99815-9DDC-43E7-A324-8AE9A6D4F6AB}.ExportDebug|Any CPU.ActiveCfg = ExportDebug|Any CPU
		{8BF99815-9DDC-43E7-A324-8AE9A6D4F6AB}.ExportDebug|Any CPU.Build.0 = ExportDebug|Any CPU
		{8BF99815-9DDC-43E7-A324-8AE9A6D4F6AB}.ExportRelease|Any CPU.ActiveCfg = ExportRelease|Any CPU
		{8BF99815-9DDC-43E7-A324-8AE9A6D4F6AB}.ExportRelease|Any CPU.Build.0 = ExportRelease|Any CPU
	EndGlobalSection
EndGlobal
